# This file is generated by running "yarn install" inside your project.
# Manual changes might be lost - proceed with caution!

__metadata:
  version: 6
  cacheKey: 8

"@cspotcode/source-map-support@npm:^0.8.0":
  version: 0.8.1
  resolution: "@cspotcode/source-map-support@npm:0.8.1"
  dependencies:
    "@jridgewell/trace-mapping": 0.3.9
  checksum: 5718f267085ed8edb3e7ef210137241775e607ee18b77d95aa5bd7514f47f5019aa2d82d96b3bf342ef7aa890a346fa1044532ff7cc3009e7d24fce3ce6200fa
  languageName: node
  linkType: hard

"@jridgewell/resolve-uri@npm:^3.0.3":
  version: 3.1.0
  resolution: "@jridgewell/resolve-uri@npm:3.1.0"
  checksum: b5ceaaf9a110fcb2780d1d8f8d4a0bfd216702f31c988d8042e5f8fbe353c55d9b0f55a1733afdc64806f8e79c485d2464680ac48a0d9fcadb9548ee6b81d267
  languageName: node
  linkType: hard

"@jridgewell/sourcemap-codec@npm:^1.4.10":
  version: 1.4.14
  resolution: "@jridgewell/sourcemap-codec@npm:1.4.14"
  checksum: 61100637b6d173d3ba786a5dff019e1a74b1f394f323c1fee337ff390239f053b87266c7a948777f4b1ee68c01a8ad0ab61e5ff4abb5a012a0b091bec391ab97
  languageName: node
  linkType: hard

"@jridgewell/trace-mapping@npm:0.3.9":
  version: 0.3.9
  resolution: "@jridgewell/trace-mapping@npm:0.3.9"
  dependencies:
    "@jridgewell/resolve-uri": ^3.0.3
    "@jridgewell/sourcemap-codec": ^1.4.10
  checksum: d89597752fd88d3f3480845691a05a44bd21faac18e2185b6f436c3b0fd0c5a859fbbd9aaa92050c4052caf325ad3e10e2e1d1b64327517471b7d51babc0ddef
  languageName: node
  linkType: hard

"@nodelib/fs.scandir@npm:2.1.5":
  version: 2.1.5
  resolution: "@nodelib/fs.scandir@npm:2.1.5"
  dependencies:
    "@nodelib/fs.stat": 2.0.5
    run-parallel: ^1.1.9
  checksum: a970d595bd23c66c880e0ef1817791432dbb7acbb8d44b7e7d0e7a22f4521260d4a83f7f9fd61d44fda4610105577f8f58a60718105fb38352baed612fd79e59
  languageName: node
  linkType: hard

"@nodelib/fs.stat@npm:2.0.5, @nodelib/fs.stat@npm:^2.0.2":
  version: 2.0.5
  resolution: "@nodelib/fs.stat@npm:2.0.5"
  checksum: 012480b5ca9d97bff9261571dbbec7bbc6033f69cc92908bc1ecfad0792361a5a1994bc48674b9ef76419d056a03efadfce5a6cf6dbc0a36559571a7a483f6f0
  languageName: node
  linkType: hard

"@nodelib/fs.walk@npm:^1.2.3":
  version: 1.2.8
  resolution: "@nodelib/fs.walk@npm:1.2.8"
  dependencies:
    "@nodelib/fs.scandir": 2.1.5
    fastq: ^1.6.0
  checksum: 190c643f156d8f8f277bf2a6078af1ffde1fd43f498f187c2db24d35b4b4b5785c02c7dc52e356497b9a1b65b13edc996de08de0b961c32844364da02986dc53
  languageName: node
  linkType: hard

"@tsconfig/node10@npm:^1.0.7":
  version: 1.0.9
  resolution: "@tsconfig/node10@npm:1.0.9"
  checksum: a33ae4dc2a621c0678ac8ac4bceb8e512ae75dac65417a2ad9b022d9b5411e863c4c198b6ba9ef659e14b9fb609bbec680841a2e84c1172df7a5ffcf076539df
  languageName: node
  linkType: hard

"@tsconfig/node12@npm:^1.0.7":
  version: 1.0.11
  resolution: "@tsconfig/node12@npm:1.0.11"
  checksum: 5ce29a41b13e7897a58b8e2df11269c5395999e588b9a467386f99d1d26f6c77d1af2719e407621412520ea30517d718d5192a32403b8dfcc163bf33e40a338a
  languageName: node
  linkType: hard

"@tsconfig/node14@npm:^1.0.0":
  version: 1.0.3
  resolution: "@tsconfig/node14@npm:1.0.3"
  checksum: 19275fe80c4c8d0ad0abed6a96dbf00642e88b220b090418609c4376e1cef81bf16237bf170ad1b341452feddb8115d8dd2e5acdfdea1b27422071163dc9ba9d
  languageName: node
  linkType: hard

"@tsconfig/node16@npm:^1.0.2":
  version: 1.0.3
  resolution: "@tsconfig/node16@npm:1.0.3"
  checksum: 3a8b657dd047495b7ad23437d6afd20297ce90380ff0bdee93fc7d39a900dbd8d9e26e53ff6b465e7967ce2adf0b218782590ce9013285121e6a5928fbd6819f
  languageName: node
  linkType: hard

"@types/json-schema@npm:^7.0.9":
  version: 7.0.11
  resolution: "@types/json-schema@npm:7.0.11"
  checksum: 527bddfe62db9012fccd7627794bd4c71beb77601861055d87e3ee464f2217c85fca7a4b56ae677478367bbd248dbde13553312b7d4dbc702a2f2bbf60c4018d
  languageName: node
  linkType: hard

"@types/node@npm:^18.7.3":
  version: 18.7.3
  resolution: "@types/node@npm:18.7.3"
  checksum: f51ed436a112235ac068d739b4823090a37b869cc186b64dd5c250dd285139c286990fcbeff2fb3ecba5d605fa885de4275247d332e5b96eafdfbb1da62e3ced
  languageName: node
  linkType: hard

"@types/qs@npm:^6.9.7":
  version: 6.9.7
  resolution: "@types/qs@npm:6.9.7"
  checksum: 7fd6f9c25053e9b5bb6bc9f9f76c1d89e6c04f7707a7ba0e44cc01f17ef5284adb82f230f542c2d5557d69407c9a40f0f3515e8319afd14e1e16b5543ac6cdba
  languageName: node
  linkType: hard

"@typescript-eslint/eslint-plugin@npm:^5.33.0":
  version: 5.33.0
  resolution: "@typescript-eslint/eslint-plugin@npm:5.33.0"
  dependencies:
    "@typescript-eslint/scope-manager": 5.33.0
    "@typescript-eslint/type-utils": 5.33.0
    "@typescript-eslint/utils": 5.33.0
    debug: ^4.3.4
    functional-red-black-tree: ^1.0.1
    ignore: ^5.2.0
    regexpp: ^3.2.0
    semver: ^7.3.7
    tsutils: ^3.21.0
  peerDependencies:
    "@typescript-eslint/parser": ^5.0.0
    eslint: ^6.0.0 || ^7.0.0 || ^8.0.0
  peerDependenciesMeta:
    typescript:
      optional: true
  checksum: d408f3f474b34fefde8ee65d98deb126949fd7d8e211a7f95c5cc2b507dedbf8eb239f3895e0c37aa6338989531e37c5f35c2e0de36a126c52f0846e89605487
  languageName: node
  linkType: hard

"@typescript-eslint/parser@npm:^5.33.0":
  version: 5.33.0
  resolution: "@typescript-eslint/parser@npm:5.33.0"
  dependencies:
    "@typescript-eslint/scope-manager": 5.33.0
    "@typescript-eslint/types": 5.33.0
    "@typescript-eslint/typescript-estree": 5.33.0
    debug: ^4.3.4
  peerDependencies:
    eslint: ^6.0.0 || ^7.0.0 || ^8.0.0
  peerDependenciesMeta:
    typescript:
      optional: true
  checksum: 2617aba987a70ee6b16ecc6afa6d245422df33a9d056018ff2e316159e667a0ab9d9c15fcea95e0ba65832661e71cc2753a221e77f0b0fab278e52c4497b8278
  languageName: node
  linkType: hard

"@typescript-eslint/scope-manager@npm:5.33.0":
  version: 5.33.0
  resolution: "@typescript-eslint/scope-manager@npm:5.33.0"
  dependencies:
    "@typescript-eslint/types": 5.33.0
    "@typescript-eslint/visitor-keys": 5.33.0
  checksum: b2cbea9abd528d01a5acb2d68a2a5be51ec6827760d3869bdd70920cf6c3a4f9f96d87c77177f8313009d9db71253e4a75f8393f38651e2abaf91ef28e60fb9d
  languageName: node
  linkType: hard

"@typescript-eslint/type-utils@npm:5.33.0":
  version: 5.33.0
  resolution: "@typescript-eslint/type-utils@npm:5.33.0"
  dependencies:
    "@typescript-eslint/utils": 5.33.0
    debug: ^4.3.4
    tsutils: ^3.21.0
  peerDependencies:
    eslint: "*"
  peerDependenciesMeta:
    typescript:
      optional: true
  checksum: a1d1ffb42fe96bfc2339cc2875e218aa82fa9391be04c1a266bb11da1eca6835555687e81cde75477c60e6702049cd4dde7d2638e7e9b9d8cf4b7b2242353a6e
  languageName: node
  linkType: hard

"@typescript-eslint/types@npm:5.33.0":
  version: 5.33.0
  resolution: "@typescript-eslint/types@npm:5.33.0"
  checksum: 8bbddda84cb3adf5c659b0d42547a2d6ab87f4eea574aca5dd63a3bd85169f32796ecbddad3b27f18a609070f6b1d18a54018d488bad746ae0f6ea5c02206109
  languageName: node
  linkType: hard

"@typescript-eslint/typescript-estree@npm:5.33.0":
  version: 5.33.0
  resolution: "@typescript-eslint/typescript-estree@npm:5.33.0"
  dependencies:
    "@typescript-eslint/types": 5.33.0
    "@typescript-eslint/visitor-keys": 5.33.0
    debug: ^4.3.4
    globby: ^11.1.0
    is-glob: ^4.0.3
    semver: ^7.3.7
    tsutils: ^3.21.0
  peerDependenciesMeta:
    typescript:
      optional: true
  checksum: 26f9005cdfb14654125a33d90d872b926820e560dff8970c4629fd5f6f47ad2a31e4c63161564d21bb42a8fc3ced0033994854ee37336ae07d90ccf6300d702b
  languageName: node
  linkType: hard

"@typescript-eslint/utils@npm:5.33.0":
  version: 5.33.0
  resolution: "@typescript-eslint/utils@npm:5.33.0"
  dependencies:
    "@types/json-schema": ^7.0.9
    "@typescript-eslint/scope-manager": 5.33.0
    "@typescript-eslint/types": 5.33.0
    "@typescript-eslint/typescript-estree": 5.33.0
    eslint-scope: ^5.1.1
    eslint-utils: ^3.0.0
  peerDependencies:
    eslint: ^6.0.0 || ^7.0.0 || ^8.0.0
  checksum: 6ce5ee5eabeb6d73538b24e6487f811ecb0ef3467bd366cbd15bf30d904bdedb73fc6f48cf2e2e742dda462b42999ea505e8b59255545825ec9db86f3d423ea7
  languageName: node
  linkType: hard

"@typescript-eslint/visitor-keys@npm:5.33.0":
  version: 5.33.0
  resolution: "@typescript-eslint/visitor-keys@npm:5.33.0"
  dependencies:
    "@typescript-eslint/types": 5.33.0
    eslint-visitor-keys: ^3.3.0
  checksum: d7e3653de6bac6841e6fcc54226b93ad6bdca4aa76ebe7d83459c016c3eebcc50d4f65ee713174bc267d765295b642d1927a778c5de707b8389e3fcc052aa4a1
  languageName: node
  linkType: hard

"@vtuber-clips/api@workspace:.":
  version: 0.0.0-use.local
  resolution: "@vtuber-clips/api@workspace:."
  dependencies:
    "@types/node": ^18.7.3
    "@types/qs": ^6.9.7
    "@typescript-eslint/eslint-plugin": ^5.33.0
    "@typescript-eslint/parser": ^5.33.0
    axios: ^0.27.2
    qs: ^6.11.0
    ts-node: ^10.9.1
    typescript: ^4.7.4
  languageName: unknown
  linkType: soft

"acorn-walk@npm:^8.1.1":
  version: 8.2.0
  resolution: "acorn-walk@npm:8.2.0"
  checksum: 1715e76c01dd7b2d4ca472f9c58968516a4899378a63ad5b6c2d668bba8da21a71976c14ec5f5b75f887b6317c4ae0b897ab141c831d741dc76024d8745f1ad1
  languageName: node
  linkType: hard

"acorn@npm:^8.4.1":
  version: 8.8.0
  resolution: "acorn@npm:8.8.0"
  bin:
    acorn: bin/acorn
  checksum: 7270ca82b242eafe5687a11fea6e088c960af712683756abf0791b68855ea9cace3057bd5e998ffcef50c944810c1e0ca1da526d02b32110e13c722aa959afdc
  languageName: node
  linkType: hard

"arg@npm:^4.1.0":
  version: 4.1.3
  resolution: "arg@npm:4.1.3"
  checksum: 544af8dd3f60546d3e4aff084d451b96961d2267d668670199692f8d054f0415d86fc5497d0e641e91546f0aa920e7c29e5250e99fc89f5552a34b5d93b77f43
  languageName: node
  linkType: hard

"array-union@npm:^2.1.0":
  version: 2.1.0
  resolution: "array-union@npm:2.1.0"
  checksum: 5bee12395cba82da674931df6d0fea23c4aa4660cb3b338ced9f828782a65caa232573e6bf3968f23e0c5eb301764a382cef2f128b170a9dc59de0e36c39f98d
  languageName: node
  linkType: hard

"asynckit@npm:^0.4.0":
  version: 0.4.0
  resolution: "asynckit@npm:0.4.0"
  checksum: 7b78c451df768adba04e2d02e63e2d0bf3b07adcd6e42b4cf665cb7ce899bedd344c69a1dcbce355b5f972d597b25aaa1c1742b52cffd9caccb22f348114f6be
  languageName: node
  linkType: hard

"axios@npm:^0.27.2":
  version: 0.27.2
  resolution: "axios@npm:0.27.2"
  dependencies:
    follow-redirects: ^1.14.9
    form-data: ^4.0.0
  checksum: 38cb7540465fe8c4102850c4368053c21683af85c5fdf0ea619f9628abbcb59415d1e22ebc8a6390d2bbc9b58a9806c874f139767389c862ec9b772235f06854
  languageName: node
  linkType: hard

"braces@npm:^3.0.2":
  version: 3.0.2
  resolution: "braces@npm:3.0.2"
  dependencies:
    fill-range: ^7.0.1
  checksum: e2a8e769a863f3d4ee887b5fe21f63193a891c68b612ddb4b68d82d1b5f3ff9073af066c343e9867a393fe4c2555dcb33e89b937195feb9c1613d259edfcd459
  languageName: node
  linkType: hard

"call-bind@npm:^1.0.0":
  version: 1.0.2
  resolution: "call-bind@npm:1.0.2"
  dependencies:
    function-bind: ^1.1.1
    get-intrinsic: ^1.0.2
  checksum: f8e31de9d19988a4b80f3e704788c4a2d6b6f3d17cfec4f57dc29ced450c53a49270dc66bf0fbd693329ee948dd33e6c90a329519aef17474a4d961e8d6426b0
  languageName: node
  linkType: hard

"combined-stream@npm:^1.0.8":
  version: 1.0.8
  resolution: "combined-stream@npm:1.0.8"
  dependencies:
    delayed-stream: ~1.0.0
  checksum: 49fa4aeb4916567e33ea81d088f6584749fc90c7abec76fd516bf1c5aa5c79f3584b5ba3de6b86d26ddd64bae5329c4c7479343250cfe71c75bb366eae53bb7c
  languageName: node
  linkType: hard

"create-require@npm:^1.1.0":
  version: 1.1.1
  resolution: "create-require@npm:1.1.1"
  checksum: a9a1503d4390d8b59ad86f4607de7870b39cad43d929813599a23714831e81c520bddf61bcdd1f8e30f05fd3a2b71ae8538e946eb2786dc65c2bbc520f692eff
  languageName: node
  linkType: hard

"debug@npm:^4.3.4":
  version: 4.3.4
  resolution: "debug@npm:4.3.4"
  dependencies:
    ms: 2.1.2
  peerDependenciesMeta:
    supports-color:
      optional: true
  checksum: 3dbad3f94ea64f34431a9cbf0bafb61853eda57bff2880036153438f50fb5a84f27683ba0d8e5426bf41a8c6ff03879488120cf5b3a761e77953169c0600a708
  languageName: node
  linkType: hard

"delayed-stream@npm:~1.0.0":
  version: 1.0.0
  resolution: "delayed-stream@npm:1.0.0"
  checksum: 46fe6e83e2cb1d85ba50bd52803c68be9bd953282fa7096f51fc29edd5d67ff84ff753c51966061e5ba7cb5e47ef6d36a91924eddb7f3f3483b1c560f77a0020
  languageName: node
  linkType: hard

"diff@npm:^4.0.1":
  version: 4.0.2
  resolution: "diff@npm:4.0.2"
  checksum: f2c09b0ce4e6b301c221addd83bf3f454c0bc00caa3dd837cf6c127d6edf7223aa2bbe3b688feea110b7f262adbfc845b757c44c8a9f8c0c5b15d8fa9ce9d20d
  languageName: node
  linkType: hard

"dir-glob@npm:^3.0.1":
  version: 3.0.1
  resolution: "dir-glob@npm:3.0.1"
  dependencies:
    path-type: ^4.0.0
  checksum: fa05e18324510d7283f55862f3161c6759a3f2f8dbce491a2fc14c8324c498286c54282c1f0e933cb930da8419b30679389499b919122952a4f8592362ef4615
  languageName: node
  linkType: hard

"eslint-scope@npm:^5.1.1":
  version: 5.1.1
  resolution: "eslint-scope@npm:5.1.1"
  dependencies:
    esrecurse: ^4.3.0
    estraverse: ^4.1.1
  checksum: 47e4b6a3f0cc29c7feedee6c67b225a2da7e155802c6ea13bbef4ac6b9e10c66cd2dcb987867ef176292bf4e64eccc680a49e35e9e9c669f4a02bac17e86abdb
  languageName: node
  linkType: hard

"eslint-utils@npm:^3.0.0":
  version: 3.0.0
  resolution: "eslint-utils@npm:3.0.0"
  dependencies:
    eslint-visitor-keys: ^2.0.0
  peerDependencies:
    eslint: ">=5"
  checksum: 0668fe02f5adab2e5a367eee5089f4c39033af20499df88fe4e6aba2015c20720404d8c3d6349b6f716b08fdf91b9da4e5d5481f265049278099c4c836ccb619
  languageName: node
  linkType: hard

"eslint-visitor-keys@npm:^2.0.0":
  version: 2.1.0
  resolution: "eslint-visitor-keys@npm:2.1.0"
  checksum: e3081d7dd2611a35f0388bbdc2f5da60b3a3c5b8b6e928daffff7391146b434d691577aa95064c8b7faad0b8a680266bcda0a42439c18c717b80e6718d7e267d
  languageName: node
  linkType: hard

"eslint-visitor-keys@npm:^3.3.0":
  version: 3.3.0
  resolution: "eslint-visitor-keys@npm:3.3.0"
  checksum: d59e68a7c5a6d0146526b0eec16ce87fbf97fe46b8281e0d41384224375c4e52f5ffb9e16d48f4ea50785cde93f766b0c898e31ab89978d88b0e1720fbfb7808
  languageName: node
  linkType: hard

"esrecurse@npm:^4.3.0":
  version: 4.3.0
  resolution: "esrecurse@npm:4.3.0"
  dependencies:
    estraverse: ^5.2.0
  checksum: ebc17b1a33c51cef46fdc28b958994b1dc43cd2e86237515cbc3b4e5d2be6a811b2315d0a1a4d9d340b6d2308b15322f5c8291059521cc5f4802f65e7ec32837
  languageName: node
  linkType: hard

"estraverse@npm:^4.1.1":
  version: 4.3.0
  resolution: "estraverse@npm:4.3.0"
  checksum: a6299491f9940bb246124a8d44b7b7a413a8336f5436f9837aaa9330209bd9ee8af7e91a654a3545aee9c54b3308e78ee360cef1d777d37cfef77d2fa33b5827
  languageName: node
  linkType: hard

"estraverse@npm:^5.2.0":
  version: 5.3.0
  resolution: "estraverse@npm:5.3.0"
  checksum: 072780882dc8416ad144f8fe199628d2b3e7bbc9989d9ed43795d2c90309a2047e6bc5979d7e2322a341163d22cfad9e21f4110597fe487519697389497e4e2b
  languageName: node
  linkType: hard

"fast-glob@npm:^3.2.9":
  version: 3.2.11
  resolution: "fast-glob@npm:3.2.11"
  dependencies:
    "@nodelib/fs.stat": ^2.0.2
    "@nodelib/fs.walk": ^1.2.3
    glob-parent: ^5.1.2
    merge2: ^1.3.0
    micromatch: ^4.0.4
  checksum: f473105324a7780a20c06de842e15ddbb41d3cb7e71d1e4fe6e8373204f22245d54f5ab9e2061e6a1c613047345954d29b022e0e76f5c28b1df9858179a0e6d7
  languageName: node
  linkType: hard

"fastq@npm:^1.6.0":
  version: 1.13.0
  resolution: "fastq@npm:1.13.0"
  dependencies:
    reusify: ^1.0.4
  checksum: 32cf15c29afe622af187d12fc9cd93e160a0cb7c31a3bb6ace86b7dea3b28e7b72acde89c882663f307b2184e14782c6c664fa315973c03626c7d4bff070bb0b
  languageName: node
  linkType: hard

"fill-range@npm:^7.0.1":
  version: 7.0.1
  resolution: "fill-range@npm:7.0.1"
  dependencies:
    to-regex-range: ^5.0.1
  checksum: cc283f4e65b504259e64fd969bcf4def4eb08d85565e906b7d36516e87819db52029a76b6363d0f02d0d532f0033c9603b9e2d943d56ee3b0d4f7ad3328ff917
  languageName: node
  linkType: hard

"follow-redirects@npm:^1.14.9":
  version: 1.15.1
  resolution: "follow-redirects@npm:1.15.1"
  peerDependenciesMeta:
    debug:
      optional: true
  checksum: 6aa4e3e3cdfa3b9314801a1cd192ba756a53479d9d8cca65bf4db3a3e8834e62139245cd2f9566147c8dfe2efff1700d3e6aefd103de4004a7b99985e71dd533
  languageName: node
  linkType: hard

"form-data@npm:^4.0.0":
  version: 4.0.0
  resolution: "form-data@npm:4.0.0"
  dependencies:
    asynckit: ^0.4.0
    combined-stream: ^1.0.8
    mime-types: ^2.1.12
  checksum: 01135bf8675f9d5c61ff18e2e2932f719ca4de964e3be90ef4c36aacfc7b9cb2fceb5eca0b7e0190e3383fe51c5b37f4cb80b62ca06a99aaabfcfd6ac7c9328c
  languageName: node
  linkType: hard

"function-bind@npm:^1.1.1":
  version: 1.1.1
  resolution: "function-bind@npm:1.1.1"
  checksum: b32fbaebb3f8ec4969f033073b43f5c8befbb58f1a79e12f1d7490358150359ebd92f49e72ff0144f65f2c48ea2a605bff2d07965f548f6474fd8efd95bf361a
  languageName: node
  linkType: hard

"functional-red-black-tree@npm:^1.0.1":
  version: 1.0.1
  resolution: "functional-red-black-tree@npm:1.0.1"
  checksum: ca6c170f37640e2d94297da8bb4bf27a1d12bea3e00e6a3e007fd7aa32e37e000f5772acf941b4e4f3cf1c95c3752033d0c509af157ad8f526e7f00723b9eb9f
  languageName: node
  linkType: hard

"get-intrinsic@npm:^1.0.2":
  version: 1.1.2
  resolution: "get-intrinsic@npm:1.1.2"
  dependencies:
    function-bind: ^1.1.1
    has: ^1.0.3
    has-symbols: ^1.0.3
  checksum: 252f45491f2ba88ebf5b38018020c7cc3279de54b1d67ffb70c0cdf1dfa8ab31cd56467b5d117a8b4275b7a4dde91f86766b163a17a850f036528a7b2faafb2b
  languageName: node
  linkType: hard

"glob-parent@npm:^5.1.2":
  version: 5.1.2
  resolution: "glob-parent@npm:5.1.2"
  dependencies:
    is-glob: ^4.0.1
  checksum: f4f2bfe2425296e8a47e36864e4f42be38a996db40420fe434565e4480e3322f18eb37589617a98640c5dc8fdec1a387007ee18dbb1f3f5553409c34d17f425e
  languageName: node
  linkType: hard

"globby@npm:^11.1.0":
  version: 11.1.0
  resolution: "globby@npm:11.1.0"
  dependencies:
    array-union: ^2.1.0
    dir-glob: ^3.0.1
    fast-glob: ^3.2.9
    ignore: ^5.2.0
    merge2: ^1.4.1
    slash: ^3.0.0
  checksum: b4be8885e0cfa018fc783792942d53926c35c50b3aefd3fdcfb9d22c627639dc26bd2327a40a0b74b074100ce95bb7187bfeae2f236856aa3de183af7a02aea6
  languageName: node
  linkType: hard

"has-symbols@npm:^1.0.3":
  version: 1.0.3
  resolution: "has-symbols@npm:1.0.3"
  checksum: a054c40c631c0d5741a8285010a0777ea0c068f99ed43e5d6eb12972da223f8af553a455132fdb0801bdcfa0e0f443c0c03a68d8555aa529b3144b446c3f2410
  languageName: node
  linkType: hard

"has@npm:^1.0.3":
  version: 1.0.3
  resolution: "has@npm:1.0.3"
  dependencies:
    function-bind: ^1.1.1
  checksum: b9ad53d53be4af90ce5d1c38331e712522417d017d5ef1ebd0507e07c2fbad8686fffb8e12ddecd4c39ca9b9b47431afbb975b8abf7f3c3b82c98e9aad052792
  languageName: node
  linkType: hard

"ignore@npm:^5.2.0":
  version: 5.2.0
  resolution: "ignore@npm:5.2.0"
  checksum: 6b1f926792d614f64c6c83da3a1f9c83f6196c2839aa41e1e32dd7b8d174cef2e329d75caabb62cb61ce9dc432f75e67d07d122a037312db7caa73166a1bdb77
  languageName: node
  linkType: hard

"is-extglob@npm:^2.1.1":
  version: 2.1.1
  resolution: "is-extglob@npm:2.1.1"
  checksum: df033653d06d0eb567461e58a7a8c9f940bd8c22274b94bf7671ab36df5719791aae15eef6d83bbb5e23283967f2f984b8914559d4449efda578c775c4be6f85
  languageName: node
  linkType: hard

"is-glob@npm:^4.0.1, is-glob@npm:^4.0.3":
  version: 4.0.3
  resolution: "is-glob@npm:4.0.3"
  dependencies:
    is-extglob: ^2.1.1
  checksum: d381c1319fcb69d341cc6e6c7cd588e17cd94722d9a32dbd60660b993c4fb7d0f19438674e68dfec686d09b7c73139c9166b47597f846af387450224a8101ab4
  languageName: node
  linkType: hard

"is-number@npm:^7.0.0":
  version: 7.0.0
  resolution: "is-number@npm:7.0.0"
  checksum: 456ac6f8e0f3111ed34668a624e45315201dff921e5ac181f8ec24923b99e9f32ca1a194912dc79d539c97d33dba17dc635202ff0b2cf98326f608323276d27a
  languageName: node
  linkType: hard

"lru-cache@npm:^6.0.0":
  version: 6.0.0
  resolution: "lru-cache@npm:6.0.0"
  dependencies:
    yallist: ^4.0.0
  checksum: f97f499f898f23e4585742138a22f22526254fdba6d75d41a1c2526b3b6cc5747ef59c5612ba7375f42aca4f8461950e925ba08c991ead0651b4918b7c978297
  languageName: node
  linkType: hard

"make-error@npm:^1.1.1":
  version: 1.3.6
  resolution: "make-error@npm:1.3.6"
  checksum: b86e5e0e25f7f777b77fabd8e2cbf15737972869d852a22b7e73c17623928fccb826d8e46b9951501d3f20e51ad74ba8c59ed584f610526a48f8ccf88aaec402
  languageName: node
  linkType: hard

"merge2@npm:^1.3.0, merge2@npm:^1.4.1":
  version: 1.4.1
  resolution: "merge2@npm:1.4.1"
  checksum: 7268db63ed5169466540b6fb947aec313200bcf6d40c5ab722c22e242f651994619bcd85601602972d3c85bd2cc45a358a4c61937e9f11a061919a1da569b0c2
  languageName: node
  linkType: hard

"micromatch@npm:^4.0.4":
  version: 4.0.5
  resolution: "micromatch@npm:4.0.5"
  dependencies:
    braces: ^3.0.2
    picomatch: ^2.3.1
  checksum: 02a17b671c06e8fefeeb6ef996119c1e597c942e632a21ef589154f23898c9c6a9858526246abb14f8bca6e77734aa9dcf65476fca47cedfb80d9577d52843fc
  languageName: node
  linkType: hard

"mime-db@npm:1.52.0":
  version: 1.52.0
  resolution: "mime-db@npm:1.52.0"
  checksum: 0d99a03585f8b39d68182803b12ac601d9c01abfa28ec56204fa330bc9f3d1c5e14beb049bafadb3dbdf646dfb94b87e24d4ec7b31b7279ef906a8ea9b6a513f
  languageName: node
  linkType: hard

"mime-types@npm:^2.1.12":
  version: 2.1.35
  resolution: "mime-types@npm:2.1.35"
  dependencies:
    mime-db: 1.52.0
  checksum: 89a5b7f1def9f3af5dad6496c5ed50191ae4331cc5389d7c521c8ad28d5fdad2d06fd81baf38fed813dc4e46bb55c8145bb0ff406330818c9cf712fb2e9b3836
  languageName: node
  linkType: hard

"ms@npm:2.1.2":
  version: 2.1.2
  resolution: "ms@npm:2.1.2"
  checksum: 673cdb2c3133eb050c745908d8ce632ed2c02d85640e2edb3ace856a2266a813b30c613569bf3354fdf4ea7d1a1494add3bfa95e2713baa27d0c2c71fc44f58f
  languageName: node
  linkType: hard

"object-inspect@npm:^1.9.0":
  version: 1.12.2
  resolution: "object-inspect@npm:1.12.2"
  checksum: a534fc1b8534284ed71f25ce3a496013b7ea030f3d1b77118f6b7b1713829262be9e6243acbcb3ef8c626e2b64186112cb7f6db74e37b2789b9c789ca23048b2
  languageName: node
  linkType: hard

"path-type@npm:^4.0.0":
  version: 4.0.0
  resolution: "path-type@npm:4.0.0"
  checksum: 5b1e2daa247062061325b8fdbfd1fb56dde0a448fb1455453276ea18c60685bdad23a445dc148cf87bc216be1573357509b7d4060494a6fd768c7efad833ee45
  languageName: node
  linkType: hard

"picomatch@npm:^2.3.1":
  version: 2.3.1
  resolution: "picomatch@npm:2.3.1"
  checksum: 050c865ce81119c4822c45d3c84f1ced46f93a0126febae20737bd05ca20589c564d6e9226977df859ed5e03dc73f02584a2b0faad36e896936238238b0446cf
  languageName: node
  linkType: hard

"qs@npm:^6.11.0":
  version: 6.11.0
  resolution: "qs@npm:6.11.0"
  dependencies:
    side-channel: ^1.0.4
  checksum: 6e1f29dd5385f7488ec74ac7b6c92f4d09a90408882d0c208414a34dd33badc1a621019d4c799a3df15ab9b1d0292f97c1dd71dc7c045e69f81a8064e5af7297
  languageName: node
  linkType: hard

"queue-microtask@npm:^1.2.2":
  version: 1.2.3
  resolution: "queue-microtask@npm:1.2.3"
  checksum: b676f8c040cdc5b12723ad2f91414d267605b26419d5c821ff03befa817ddd10e238d22b25d604920340fd73efd8ba795465a0377c4adf45a4a41e4234e42dc4
  languageName: node
  linkType: hard

"regexpp@npm:^3.2.0":
  version: 3.2.0
  resolution: "regexpp@npm:3.2.0"
  checksum: a78dc5c7158ad9ddcfe01aa9144f46e192ddbfa7b263895a70a5c6c73edd9ce85faf7c0430e59ac38839e1734e275b9c3de5c57ee3ab6edc0e0b1bdebefccef8
  languageName: node
  linkType: hard

"reusify@npm:^1.0.4":
  version: 1.0.4
  resolution: "reusify@npm:1.0.4"
  checksum: c3076ebcc22a6bc252cb0b9c77561795256c22b757f40c0d8110b1300723f15ec0fc8685e8d4ea6d7666f36c79ccc793b1939c748bf36f18f542744a4e379fcc
  languageName: node
  linkType: hard

"run-parallel@npm:^1.1.9":
  version: 1.2.0
  resolution: "run-parallel@npm:1.2.0"
  dependencies:
    queue-microtask: ^1.2.2
  checksum: cb4f97ad25a75ebc11a8ef4e33bb962f8af8516bb2001082ceabd8902e15b98f4b84b4f8a9b222e5d57fc3bd1379c483886ed4619367a7680dad65316993021d
  languageName: node
  linkType: hard

"semver@npm:^7.3.7":
  version: 7.3.7
  resolution: "semver@npm:7.3.7"
  dependencies:
    lru-cache: ^6.0.0
  bin:
    semver: bin/semver.js
  checksum: 2fa3e877568cd6ce769c75c211beaed1f9fce80b28338cadd9d0b6c40f2e2862bafd62c19a6cff42f3d54292b7c623277bcab8816a2b5521cf15210d43e75232
  languageName: node
  linkType: hard

"side-channel@npm:^1.0.4":
  version: 1.0.4
  resolution: "side-channel@npm:1.0.4"
  dependencies:
    call-bind: ^1.0.0
    get-intrinsic: ^1.0.2
    object-inspect: ^1.9.0
  checksum: 351e41b947079c10bd0858364f32bb3a7379514c399edb64ab3dce683933483fc63fb5e4efe0a15a2e8a7e3c436b6a91736ddb8d8c6591b0460a24bb4a1ee245
  languageName: node
  linkType: hard

"slash@npm:^3.0.0":
  version: 3.0.0
  resolution: "slash@npm:3.0.0"
  checksum: 94a93fff615f25a999ad4b83c9d5e257a7280c90a32a7cb8b4a87996e4babf322e469c42b7f649fd5796edd8687652f3fb452a86dc97a816f01113183393f11c
  languageName: node
  linkType: hard

"to-regex-range@npm:^5.0.1":
  version: 5.0.1
  resolution: "to-regex-range@npm:5.0.1"
  dependencies:
    is-number: ^7.0.0
  checksum: f76fa01b3d5be85db6a2a143e24df9f60dd047d151062d0ba3df62953f2f697b16fe5dad9b0ac6191c7efc7b1d9dcaa4b768174b7b29da89d4428e64bc0a20ed
  languageName: node
  linkType: hard

"ts-node@npm:^10.9.1":
  version: 10.9.1
  resolution: "ts-node@npm:10.9.1"
  dependencies:
    "@cspotcode/source-map-support": ^0.8.0
    "@tsconfig/node10": ^1.0.7
    "@tsconfig/node12": ^1.0.7
    "@tsconfig/node14": ^1.0.0
    "@tsconfig/node16": ^1.0.2
    acorn: ^8.4.1
    acorn-walk: ^8.1.1
    arg: ^4.1.0
    create-require: ^1.1.0
    diff: ^4.0.1
    make-error: ^1.1.1
    v8-compile-cache-lib: ^3.0.1
    yn: 3.1.1
  peerDependencies:
    "@swc/core": ">=1.2.50"
    "@swc/wasm": ">=1.2.50"
    "@types/node": "*"
    typescript: ">=2.7"
  peerDependenciesMeta:
    "@swc/core":
      optional: true
    "@swc/wasm":
      optional: true
  bin:
    ts-node: dist/bin.js
    ts-node-cwd: dist/bin-cwd.js
    ts-node-esm: dist/bin-esm.js
    ts-node-script: dist/bin-script.js
    ts-node-transpile-only: dist/bin-transpile.js
    ts-script: dist/bin-script-deprecated.js
  checksum: 090adff1302ab20bd3486e6b4799e90f97726ed39e02b39e566f8ab674fd5bd5f727f43615debbfc580d33c6d9d1c6b1b3ce7d8e3cca3e20530a145ffa232c35
  languageName: node
  linkType: hard

"tslib@npm:^1.8.1":
  version: 1.14.1
  resolution: "tslib@npm:1.14.1"
  checksum: dbe628ef87f66691d5d2959b3e41b9ca0045c3ee3c7c7b906cc1e328b39f199bb1ad9e671c39025bd56122ac57dfbf7385a94843b1cc07c60a4db74795829acd
  languageName: node
  linkType: hard

"tsutils@npm:^3.21.0":
  version: 3.21.0
  resolution: "tsutils@npm:3.21.0"
  dependencies:
    tslib: ^1.8.1
  peerDependencies:
    typescript: ">=2.8.0 || >= 3.2.0-dev || >= 3.3.0-dev || >= 3.4.0-dev || >= 3.5.0-dev || >= 3.6.0-dev || >= 3.6.0-beta || >= 3.7.0-dev || >= 3.7.0-beta"
  checksum: 1843f4c1b2e0f975e08c4c21caa4af4f7f65a12ac1b81b3b8489366826259323feb3fc7a243123453d2d1a02314205a7634e048d4a8009921da19f99755cdc48
  languageName: node
  linkType: hard

"typescript@npm:^4.7.4":
  version: 4.7.4
  resolution: "typescript@npm:4.7.4"
  bin:
    tsc: bin/tsc
    tsserver: bin/tsserver
  checksum: 5750181b1cd7e6482c4195825547e70f944114fb47e58e4aa7553e62f11b3f3173766aef9c281783edfd881f7b8299cf35e3ca8caebe73d8464528c907a164df
  languageName: node
  linkType: hard

"typescript@patch:typescript@^4.7.4#~builtin<compat/typescript>":
  version: 4.7.4
  resolution: "typescript@patch:typescript@npm%3A4.7.4#~builtin<compat/typescript>::version=4.7.4&hash=f456af"
  bin:
    tsc: bin/tsc
    tsserver: bin/tsserver
  checksum: 9096d8f6c16cb80ef3bf96fcbbd055bf1c4a43bd14f3b7be45a9fbe7ada46ec977f604d5feed3263b4f2aa7d4c7477ce5f9cd87de0d6feedec69a983f3a4f93e
  languageName: node
  linkType: hard

"v8-compile-cache-lib@npm:^3.0.1":
  version: 3.0.1
  resolution: "v8-compile-cache-lib@npm:3.0.1"
  checksum: 78089ad549e21bcdbfca10c08850022b22024cdcc2da9b168bcf5a73a6ed7bf01a9cebb9eac28e03cd23a684d81e0502797e88f3ccd27a32aeab1cfc44c39da0
  languageName: node
  linkType: hard

"yallist@npm:^4.0.0":
  version: 4.0.0
  resolution: "yallist@npm:4.0.0"
  checksum: 343617202af32df2a15a3be36a5a8c0c8545208f3d3dfbc6bb7c3e3b7e8c6f8e7485432e4f3b88da3031a6e20afa7c711eded32ddfb122896ac5d914e75848d5
  languageName: node
  linkType: hard

"yn@npm:3.1.1":
  version: 3.1.1
  resolution: "yn@npm:3.1.1"
  checksum: 2c487b0e149e746ef48cda9f8bad10fc83693cd69d7f9dcd8be4214e985de33a29c9e24f3c0d6bcf2288427040a8947406ab27f7af67ee9456e6b84854f02dd6
  languageName: node
  linkType: hard
